
Microsoft Visual Studio Solution File, Format Version 12.00
# Visual Studio 14
VisualStudioVersion = 14.0.23107.0
MinimumVisualStudioVersion = 10.0.40219.1
Project("{FAE04EC0-301F-11D3-BF4B-00C04F79EFBC}") = "WebApi", "WebApi\WebApi.csproj", "{D3F13626-4D9E-4F0D-BA29-3B90EC3F8B04}"
EndProject
Project("{FAE04EC0-301F-11D3-BF4B-00C04F79EFBC}") = "Common", "Common\Common.csproj", "{26A9B768-DFA2-4C9B-A20F-25AA35FBA5FF}"
EndProject
Project("{FAE04EC0-301F-11D3-BF4B-00C04F79EFBC}") = "Domain.Order", "Domain.Order\Domain.Order.csproj", "{99D3254C-6007-432F-A66A-BCEC112BD2BE}"
EndProject
Project("{FAE04EC0-301F-11D3-BF4B-00C04F79EFBC}") = "Domain.Account", "Domain.Account\Domain.Account.csproj", "{FAEEC702-C6CE-4431-A18A-3117965D3A4A}"
EndProject
Global
	GlobalSection(SolutionConfigurationPlatforms) = preSolution
		Debug|Any CPU = Debug|Any CPU
		Release|Any CPU = Release|Any CPU
	EndGlobalSection
	GlobalSection(ProjectConfigurationPlatforms) = postSolution
		{D3F13626-4D9E-4F0D-BA29-3B90EC3F8B04}.Debug|Any CPU.ActiveCfg = Debug|Any CPU
		{D3F13626-4D9E-4F0D-BA29-3B90EC3F8B04}.Debug|Any CPU.Build.0 = Debug|Any CPU
		{D3F13626-4D9E-4F0D-BA29-3B90EC3F8B04}.Release|Any CPU.ActiveCfg = Release|Any CPU
		{D3F13626-4D9E-4F0D-BA29-3B90EC3F8B04}.Release|Any CPU.Build.0 = Release|Any CPU
		{26A9B768-DFA2-4C9B-A20F-25AA35FBA5FF}.Debug|Any CPU.ActiveCfg = Debug|Any CPU
		{26A9B768-DFA2-4C9B-A20F-25AA35FBA5FF}.Debug|Any CPU.Build.0 = Debug|Any CPU
		{26A9B768-DFA2-4C9B-A20F-25AA35FBA5FF}.Release|Any CPU.ActiveCfg = Release|Any CPU
		{26A9B768-DFA2-4C9B-A20F-25AA35FBA5FF}.Release|Any CPU.Build.0 = Release|Any CPU
		{99D3254C-6007-432F-A66A-BCEC112BD2BE}.Debug|Any CPU.ActiveCfg = Debug|Any CPU
		{99D3254C-6007-432F-A66A-BCEC112BD2BE}.Debug|Any CPU.Build.0 = Debug|Any CPU
		{99D3254C-6007-432F-A66A-BCEC112BD2BE}.Release|Any CPU.ActiveCfg = Release|Any CPU
		{99D3254C-6007-432F-A66A-BCEC112BD2BE}.Release|Any CPU.Build.0 = Release|Any CPU
		{FAEEC702-C6CE-4431-A18A-3117965D3A4A}.Debug|Any CPU.ActiveCfg = Debug|Any CPU
		{FAEEC702-C6CE-4431-A18A-3117965D3A4A}.Debug|Any CPU.Build.0 = Debug|Any CPU
		{FAEEC702-C6CE-4431-A18A-3117965D3A4A}.Release|Any CPU.ActiveCfg = Release|Any CPU
		{FAEEC702-C6CE-4431-A18A-3117965D3A4A}.Release|Any CPU.Build.0 = Release|Any CPU
	EndGlobalSection
	GlobalSection(SolutionProperties) = preSolution
		HideSolutionNode = FALSE
	EndGlobalSection
EndGlobal
